
Microsoft Visual Studio Solution File, Format Version 12.00
# Visual Studio 15
VisualStudioVersion = 15.0.27004.2005
MinimumVisualStudioVersion = 10.0.40219.1
Project("{FAE04EC0-301F-11D3-BF4B-00C04F79EFBC}") = "jwhitehead-FinancialPortal", "jwhitehead-FinancialPortal\jwhitehead-FinancialPortal.csproj", "{384A1CA5-9ACC-4EB6-99AA-C992CACC154B}"
EndProject
Global
	GlobalSection(SolutionConfigurationPlatforms) = preSolution
		Debug|Any CPU = Debug|Any CPU
		Release|Any CPU = Release|Any CPU
	EndGlobalSection
	GlobalSection(ProjectConfigurationPlatforms) = postSolution
		{384A1CA5-9ACC-4EB6-99AA-C992CACC154B}.Debug|Any CPU.ActiveCfg = Debug|Any CPU
		{384A1CA5-9ACC-4EB6-99AA-C992CACC154B}.Debug|Any CPU.Build.0 = Debug|Any CPU
		{384A1CA5-9ACC-4EB6-99AA-C992CACC154B}.Release|Any CPU.ActiveCfg = Release|Any CPU
		{384A1CA5-9ACC-4EB6-99AA-C992CACC154B}.Release|Any CPU.Build.0 = Release|Any CPU
	EndGlobalSection
	GlobalSection(SolutionProperties) = preSolution
		HideSolutionNode = FALSE
	EndGlobalSection
	GlobalSection(ExtensibilityGlobals) = postSolution
		SolutionGuid = {F109614B-26A1-4C16-8070-232E81AB4297}
	EndGlobalSection
EndGlobal
